
Microsoft Visual Studio Solution File, Format Version 12.00
# Visual Studio 2013
VisualStudioVersion = 12.0.30501.0
MinimumVisualStudioVersion = 10.0.40219.1
Project("{2150E333-8FDC-42A3-9474-1A3956D46DE8}") = "Observer", "Observer", "{121DCC0D-039A-4A76-8472-34EA6141CADF}"
EndProject
Project("{FAE04EC0-301F-11D3-BF4B-00C04F79EFBC}") = "NSBPerf.Initiator", "NSBPerf.Initiator\NSBPerf.Initiator.csproj", "{35A12B6D-567D-49B2-B1EC-CB69A3ED2A07}"
EndProject
Project("{FAE04EC0-301F-11D3-BF4B-00C04F79EFBC}") = "NSBPerf.Initiator.Messages", "NSBPerf.Initiator.Messages\NSBPerf.Initiator.Messages.csproj", "{155EBFAE-E174-4A70-A2D1-E52B88EBDD4E}"
EndProject
Project("{FAE04EC0-301F-11D3-BF4B-00C04F79EFBC}") = "NSBPerf.Observer.Producer", "NSBPerf.Observer.Producer\NSBPerf.Observer.Producer.csproj", "{149DE240-F2F1-433F-8619-D8F8578BF855}"
EndProject
Project("{FAE04EC0-301F-11D3-BF4B-00C04F79EFBC}") = "NSBPerf.Observer.Messages", "NSBPerf.Observer.Messages\NSBPerf.Observer.Messages.csproj", "{9C5EF320-9EA6-4D35-BF95-67EFDE1A06DB}"
EndProject
Project("{FAE04EC0-301F-11D3-BF4B-00C04F79EFBC}") = "NSBPerf.Observer.StepA", "NSBPerf.Observer.StepA\NSBPerf.Observer.StepA.csproj", "{BDE5EFAC-55EE-467A-BEBD-4B57FB4FD73C}"
EndProject
Project("{FAE04EC0-301F-11D3-BF4B-00C04F79EFBC}") = "NSBPerf.Observer.StepB", "NSBPerf.Observer.StepB\NSBPerf.Observer.StepB.csproj", "{58B6E010-BF52-4283-98E2-6636F78CF39A}"
EndProject
Project("{FAE04EC0-301F-11D3-BF4B-00C04F79EFBC}") = "NSBPerf.Observer.StepC", "NSBPerf.Observer.StepC\NSBPerf.Observer.StepC.csproj", "{BB414ED8-0711-4AB6-9E89-5E2363601A7C}"
EndProject
Project("{FAE04EC0-301F-11D3-BF4B-00C04F79EFBC}") = "NSBPerf.Observer.StepD", "NSBPerf.Observer.StepD\NSBPerf.Observer.StepD.csproj", "{C2EE08EB-0AB1-4ABB-827E-ACFCDBBEFDBB}"
EndProject
Project("{FAE04EC0-301F-11D3-BF4B-00C04F79EFBC}") = "NSBPerf.Observer.Saga", "NSBPerf.Observer.Saga\NSBPerf.Observer.Saga.csproj", "{E22DC28F-E757-4D12-8DD7-C332E71955AF}"
EndProject
Project("{FAE04EC0-301F-11D3-BF4B-00C04F79EFBC}") = "NSBPerf.Observer.Producer.Messages", "NSBPerf.Observer.Producer.Messages\NSBPerf.Observer.Producer.Messages.csproj", "{D01295AC-1400-4E1E-8C03-B83C516841AD}"
EndProject
Project("{FAE04EC0-301F-11D3-BF4B-00C04F79EFBC}") = "NSBPerf.Observer.StepA.Messages", "NSBPerf.Observer.StepA.Messages\NSBPerf.Observer.StepA.Messages.csproj", "{7858973F-DFE4-4C72-9E01-A34C95872BEA}"
EndProject
Project("{FAE04EC0-301F-11D3-BF4B-00C04F79EFBC}") = "NSBPerf.Observer.StepB.Messages", "NSBPerf.Observer.StepB.Messages\NSBPerf.Observer.StepB.Messages.csproj", "{B3020DFE-C36F-4255-8431-49BDF29CD66C}"
EndProject
Project("{FAE04EC0-301F-11D3-BF4B-00C04F79EFBC}") = "NSBPerf.Observer.StepC.Messages", "NSBPerf.Observer.StepC.Messages\NSBPerf.Observer.StepC.Messages.csproj", "{4FDEFC67-3770-44F1-BC6B-CADEAF6412BD}"
EndProject
Project("{FAE04EC0-301F-11D3-BF4B-00C04F79EFBC}") = "NSBPerf.Observer.StepD.Messages", "NSBPerf.Observer.StepD.Messages\NSBPerf.Observer.StepD.Messages.csproj", "{EBC499C6-BABE-4C5C-8041-05F18056F51D}"
EndProject
Project("{2150E333-8FDC-42A3-9474-1A3956D46DE8}") = "Controller", "Controller", "{F530799B-0913-4C89-BE33-90992EC004E9}"
EndProject
Project("{FAE04EC0-301F-11D3-BF4B-00C04F79EFBC}") = "NSBPerf.Controller.Producer", "NSBPerf.Controller.Producer\NSBPerf.Controller.Producer.csproj", "{E8A133B2-6BDF-44E0-8565-C0A73385CE13}"
EndProject
Project("{FAE04EC0-301F-11D3-BF4B-00C04F79EFBC}") = "NSBPerf.Controller.StepA", "NSBPerf.Controller.StepA\NSBPerf.Controller.StepA.csproj", "{E1406C73-4A93-4E33-8459-7325C980BB2F}"
EndProject
Project("{FAE04EC0-301F-11D3-BF4B-00C04F79EFBC}") = "NSBPerf.Controller.StepB", "NSBPerf.Controllers.StepB\NSBPerf.Controller.StepB.csproj", "{F6947A9E-1E3B-4D41-9F14-5CA55B037D05}"
EndProject
Project("{FAE04EC0-301F-11D3-BF4B-00C04F79EFBC}") = "NSBPerf.Controller.StepC", "NSBPerf.Controllers.StepC\NSBPerf.Controller.StepC.csproj", "{A496DA34-9C38-47C1-9268-CE3E86C01703}"
EndProject
Project("{FAE04EC0-301F-11D3-BF4B-00C04F79EFBC}") = "NSBPerf.Controller.StepD", "NSBPerf.Controllers.StepD\NSBPerf.Controller.StepD.csproj", "{2F931D7A-A584-4597-A3CA-A4ED4FDA99DB}"
EndProject
Project("{FAE04EC0-301F-11D3-BF4B-00C04F79EFBC}") = "NSBPerf.Controller.Saga", "NSBPerf.Controllers.Saga\NSBPerf.Controller.Saga.csproj", "{906D192C-AFC9-450B-ADCF-18242346FE99}"
EndProject
Project("{FAE04EC0-301F-11D3-BF4B-00C04F79EFBC}") = "NSBPerf.Controller.Producer.Messages", "NSBPerf.Controller.Producer.Messages\NSBPerf.Controller.Producer.Messages.csproj", "{7FACA66F-EC8B-4730-A8A7-41C22B155FDC}"
EndProject
Project("{FAE04EC0-301F-11D3-BF4B-00C04F79EFBC}") = "NSBPerf.Controller.StepA.Messages", "NSBPerf.Controller.StepA.Messages\NSBPerf.Controller.StepA.Messages.csproj", "{AF91C85C-F01E-4A55-AA1D-E6DB6CCFD311}"
EndProject
Project("{FAE04EC0-301F-11D3-BF4B-00C04F79EFBC}") = "NSBPerf.Controller.StepB.Messages", "NSBPerf.Controller.StepB.Messages\NSBPerf.Controller.StepB.Messages.csproj", "{61ACD68C-2EA3-47E9-A23A-BA04C89162AD}"
EndProject
Project("{FAE04EC0-301F-11D3-BF4B-00C04F79EFBC}") = "NSBPerf.Controller.StepC.Messages", "NSBPerf.Controller.StepC.Messages\NSBPerf.Controller.StepC.Messages.csproj", "{957CFABA-7555-4EAA-A36D-33F6608B2762}"
EndProject
Project("{FAE04EC0-301F-11D3-BF4B-00C04F79EFBC}") = "NSBPerf.Controller.StepD.Messages", "NSBPerf.Controller.StepD.Messages\NSBPerf.Controller.StepD.Messages.csproj", "{6E5984FE-5844-475C-BA94-8CD1B26DC2BD}"
EndProject
Project("{2150E333-8FDC-42A3-9474-1A3956D46DE8}") = "RoutingSlip", "RoutingSlip", "{EFFACBF8-A8D0-42E1-B13E-1F5209EFCBA0}"
EndProject
Project("{FAE04EC0-301F-11D3-BF4B-00C04F79EFBC}") = "NSBPerf.RoutingSlip.Producer", "NSBPerf.RoutingSlip.Producer\NSBPerf.RoutingSlip.Producer.csproj", "{3219D4CA-57A8-453F-BAF6-A80B67E7B3BD}"
EndProject
Project("{FAE04EC0-301F-11D3-BF4B-00C04F79EFBC}") = "NSBPerf.RoutingSlip.StepA", "NSBPerf.RoutingSlip.StepA\NSBPerf.RoutingSlip.StepA.csproj", "{1E484A3F-91F0-4F3C-94E8-1DF95A5252A5}"
EndProject
Project("{FAE04EC0-301F-11D3-BF4B-00C04F79EFBC}") = "NSBPerf.RoutingSlip.StepB", "NSBPerf.RoutingSlip.StepB\NSBPerf.RoutingSlip.StepB.csproj", "{9FCD54E7-9623-4BCA-AC8A-C78B5C8E6C51}"
EndProject
Project("{FAE04EC0-301F-11D3-BF4B-00C04F79EFBC}") = "NSBPerf.RoutingSlip.StepC", "NSBPerf.RoutingSlip.StepC\NSBPerf.RoutingSlip.StepC.csproj", "{DD8AA28A-B0F9-4732-9101-E8C1B9F204AA}"
EndProject
Project("{FAE04EC0-301F-11D3-BF4B-00C04F79EFBC}") = "NSBPerf.RoutingSlip.StepD", "NSBPerf.RoutingSlip.StepD\NSBPerf.RoutingSlip.StepD.csproj", "{12C42776-6DC4-4461-91BA-7990F314CFD7}"
EndProject
Project("{FAE04EC0-301F-11D3-BF4B-00C04F79EFBC}") = "NSBPerf.RoutingSlip.Saga", "NSBPerf.RoutingSlip.Saga\NSBPerf.RoutingSlip.Saga.csproj", "{3B26C85E-9418-4989-9050-DA3D39691DC6}"
EndProject
Project("{FAE04EC0-301F-11D3-BF4B-00C04F79EFBC}") = "NSBPerf.RoutingSlip.Producer.Messages", "NSBPerf.RoutingSlip.Producer.Messages\NSBPerf.RoutingSlip.Producer.Messages.csproj", "{1272BC21-7AEA-477C-94A0-F9C1713CC327}"
EndProject
Project("{FAE04EC0-301F-11D3-BF4B-00C04F79EFBC}") = "NSBPerf.RoutingSlip.StepA.Messages", "NSBPerf.RoutingSlip.StepA.Messages\NSBPerf.RoutingSlip.StepA.Messages.csproj", "{62F7FE7A-6E55-40F5-835E-B25C186C5956}"
EndProject
Project("{FAE04EC0-301F-11D3-BF4B-00C04F79EFBC}") = "NSBPerf.RoutingSlip.StepD.Messages", "NSBPerf.RoutingSlip.StepD.Messages\NSBPerf.RoutingSlip.StepD.Messages.csproj", "{5B16C46D-7211-4B2E-A8A2-976A322B23FA}"
EndProject
Global
	GlobalSection(SolutionConfigurationPlatforms) = preSolution
		Debug|Any CPU = Debug|Any CPU
		Release|Any CPU = Release|Any CPU
	EndGlobalSection
	GlobalSection(ProjectConfigurationPlatforms) = postSolution
		{35A12B6D-567D-49B2-B1EC-CB69A3ED2A07}.Debug|Any CPU.ActiveCfg = Debug|Any CPU
		{35A12B6D-567D-49B2-B1EC-CB69A3ED2A07}.Debug|Any CPU.Build.0 = Debug|Any CPU
		{35A12B6D-567D-49B2-B1EC-CB69A3ED2A07}.Release|Any CPU.ActiveCfg = Release|Any CPU
		{35A12B6D-567D-49B2-B1EC-CB69A3ED2A07}.Release|Any CPU.Build.0 = Release|Any CPU
		{155EBFAE-E174-4A70-A2D1-E52B88EBDD4E}.Debug|Any CPU.ActiveCfg = Debug|Any CPU
		{155EBFAE-E174-4A70-A2D1-E52B88EBDD4E}.Debug|Any CPU.Build.0 = Debug|Any CPU
		{155EBFAE-E174-4A70-A2D1-E52B88EBDD4E}.Release|Any CPU.ActiveCfg = Release|Any CPU
		{155EBFAE-E174-4A70-A2D1-E52B88EBDD4E}.Release|Any CPU.Build.0 = Release|Any CPU
		{149DE240-F2F1-433F-8619-D8F8578BF855}.Debug|Any CPU.ActiveCfg = Debug|Any CPU
		{149DE240-F2F1-433F-8619-D8F8578BF855}.Debug|Any CPU.Build.0 = Debug|Any CPU
		{149DE240-F2F1-433F-8619-D8F8578BF855}.Release|Any CPU.ActiveCfg = Release|Any CPU
		{149DE240-F2F1-433F-8619-D8F8578BF855}.Release|Any CPU.Build.0 = Release|Any CPU
		{9C5EF320-9EA6-4D35-BF95-67EFDE1A06DB}.Debug|Any CPU.ActiveCfg = Debug|Any CPU
		{9C5EF320-9EA6-4D35-BF95-67EFDE1A06DB}.Debug|Any CPU.Build.0 = Debug|Any CPU
		{9C5EF320-9EA6-4D35-BF95-67EFDE1A06DB}.Release|Any CPU.ActiveCfg = Release|Any CPU
		{9C5EF320-9EA6-4D35-BF95-67EFDE1A06DB}.Release|Any CPU.Build.0 = Release|Any CPU
		{BDE5EFAC-55EE-467A-BEBD-4B57FB4FD73C}.Debug|Any CPU.ActiveCfg = Debug|Any CPU
		{BDE5EFAC-55EE-467A-BEBD-4B57FB4FD73C}.Debug|Any CPU.Build.0 = Debug|Any CPU
		{BDE5EFAC-55EE-467A-BEBD-4B57FB4FD73C}.Release|Any CPU.ActiveCfg = Release|Any CPU
		{BDE5EFAC-55EE-467A-BEBD-4B57FB4FD73C}.Release|Any CPU.Build.0 = Release|Any CPU
		{58B6E010-BF52-4283-98E2-6636F78CF39A}.Debug|Any CPU.ActiveCfg = Debug|Any CPU
		{58B6E010-BF52-4283-98E2-6636F78CF39A}.Debug|Any CPU.Build.0 = Debug|Any CPU
		{58B6E010-BF52-4283-98E2-6636F78CF39A}.Release|Any CPU.ActiveCfg = Release|Any CPU
		{58B6E010-BF52-4283-98E2-6636F78CF39A}.Release|Any CPU.Build.0 = Release|Any CPU
		{BB414ED8-0711-4AB6-9E89-5E2363601A7C}.Debug|Any CPU.ActiveCfg = Debug|Any CPU
		{BB414ED8-0711-4AB6-9E89-5E2363601A7C}.Debug|Any CPU.Build.0 = Debug|Any CPU
		{BB414ED8-0711-4AB6-9E89-5E2363601A7C}.Release|Any CPU.ActiveCfg = Release|Any CPU
		{BB414ED8-0711-4AB6-9E89-5E2363601A7C}.Release|Any CPU.Build.0 = Release|Any CPU
		{C2EE08EB-0AB1-4ABB-827E-ACFCDBBEFDBB}.Debug|Any CPU.ActiveCfg = Debug|Any CPU
		{C2EE08EB-0AB1-4ABB-827E-ACFCDBBEFDBB}.Debug|Any CPU.Build.0 = Debug|Any CPU
		{C2EE08EB-0AB1-4ABB-827E-ACFCDBBEFDBB}.Release|Any CPU.ActiveCfg = Release|Any CPU
		{C2EE08EB-0AB1-4ABB-827E-ACFCDBBEFDBB}.Release|Any CPU.Build.0 = Release|Any CPU
		{E22DC28F-E757-4D12-8DD7-C332E71955AF}.Debug|Any CPU.ActiveCfg = Debug|Any CPU
		{E22DC28F-E757-4D12-8DD7-C332E71955AF}.Debug|Any CPU.Build.0 = Debug|Any CPU
		{E22DC28F-E757-4D12-8DD7-C332E71955AF}.Release|Any CPU.ActiveCfg = Release|Any CPU
		{E22DC28F-E757-4D12-8DD7-C332E71955AF}.Release|Any CPU.Build.0 = Release|Any CPU
		{D01295AC-1400-4E1E-8C03-B83C516841AD}.Debug|Any CPU.ActiveCfg = Debug|Any CPU
		{D01295AC-1400-4E1E-8C03-B83C516841AD}.Debug|Any CPU.Build.0 = Debug|Any CPU
		{D01295AC-1400-4E1E-8C03-B83C516841AD}.Release|Any CPU.ActiveCfg = Release|Any CPU
		{D01295AC-1400-4E1E-8C03-B83C516841AD}.Release|Any CPU.Build.0 = Release|Any CPU
		{7858973F-DFE4-4C72-9E01-A34C95872BEA}.Debug|Any CPU.ActiveCfg = Debug|Any CPU
		{7858973F-DFE4-4C72-9E01-A34C95872BEA}.Debug|Any CPU.Build.0 = Debug|Any CPU
		{7858973F-DFE4-4C72-9E01-A34C95872BEA}.Release|Any CPU.ActiveCfg = Release|Any CPU
		{7858973F-DFE4-4C72-9E01-A34C95872BEA}.Release|Any CPU.Build.0 = Release|Any CPU
		{B3020DFE-C36F-4255-8431-49BDF29CD66C}.Debug|Any CPU.ActiveCfg = Debug|Any CPU
		{B3020DFE-C36F-4255-8431-49BDF29CD66C}.Debug|Any CPU.Build.0 = Debug|Any CPU
		{B3020DFE-C36F-4255-8431-49BDF29CD66C}.Release|Any CPU.ActiveCfg = Release|Any CPU
		{B3020DFE-C36F-4255-8431-49BDF29CD66C}.Release|Any CPU.Build.0 = Release|Any CPU
		{4FDEFC67-3770-44F1-BC6B-CADEAF6412BD}.Debug|Any CPU.ActiveCfg = Debug|Any CPU
		{4FDEFC67-3770-44F1-BC6B-CADEAF6412BD}.Debug|Any CPU.Build.0 = Debug|Any CPU
		{4FDEFC67-3770-44F1-BC6B-CADEAF6412BD}.Release|Any CPU.ActiveCfg = Release|Any CPU
		{4FDEFC67-3770-44F1-BC6B-CADEAF6412BD}.Release|Any CPU.Build.0 = Release|Any CPU
		{EBC499C6-BABE-4C5C-8041-05F18056F51D}.Debug|Any CPU.ActiveCfg = Debug|Any CPU
		{EBC499C6-BABE-4C5C-8041-05F18056F51D}.Debug|Any CPU.Build.0 = Debug|Any CPU
		{EBC499C6-BABE-4C5C-8041-05F18056F51D}.Release|Any CPU.ActiveCfg = Release|Any CPU
		{EBC499C6-BABE-4C5C-8041-05F18056F51D}.Release|Any CPU.Build.0 = Release|Any CPU
		{E8A133B2-6BDF-44E0-8565-C0A73385CE13}.Debug|Any CPU.ActiveCfg = Debug|Any CPU
		{E8A133B2-6BDF-44E0-8565-C0A73385CE13}.Debug|Any CPU.Build.0 = Debug|Any CPU
		{E8A133B2-6BDF-44E0-8565-C0A73385CE13}.Release|Any CPU.ActiveCfg = Release|Any CPU
		{E8A133B2-6BDF-44E0-8565-C0A73385CE13}.Release|Any CPU.Build.0 = Release|Any CPU
		{E1406C73-4A93-4E33-8459-7325C980BB2F}.Debug|Any CPU.ActiveCfg = Debug|Any CPU
		{E1406C73-4A93-4E33-8459-7325C980BB2F}.Debug|Any CPU.Build.0 = Debug|Any CPU
		{E1406C73-4A93-4E33-8459-7325C980BB2F}.Release|Any CPU.ActiveCfg = Release|Any CPU
		{E1406C73-4A93-4E33-8459-7325C980BB2F}.Release|Any CPU.Build.0 = Release|Any CPU
		{F6947A9E-1E3B-4D41-9F14-5CA55B037D05}.Debug|Any CPU.ActiveCfg = Debug|Any CPU
		{F6947A9E-1E3B-4D41-9F14-5CA55B037D05}.Debug|Any CPU.Build.0 = Debug|Any CPU
		{F6947A9E-1E3B-4D41-9F14-5CA55B037D05}.Release|Any CPU.ActiveCfg = Release|Any CPU
		{F6947A9E-1E3B-4D41-9F14-5CA55B037D05}.Release|Any CPU.Build.0 = Release|Any CPU
		{A496DA34-9C38-47C1-9268-CE3E86C01703}.Debug|Any CPU.ActiveCfg = Debug|Any CPU
		{A496DA34-9C38-47C1-9268-CE3E86C01703}.Debug|Any CPU.Build.0 = Debug|Any CPU
		{A496DA34-9C38-47C1-9268-CE3E86C01703}.Release|Any CPU.ActiveCfg = Release|Any CPU
		{A496DA34-9C38-47C1-9268-CE3E86C01703}.Release|Any CPU.Build.0 = Release|Any CPU
		{2F931D7A-A584-4597-A3CA-A4ED4FDA99DB}.Debug|Any CPU.ActiveCfg = Debug|Any CPU
		{2F931D7A-A584-4597-A3CA-A4ED4FDA99DB}.Debug|Any CPU.Build.0 = Debug|Any CPU
		{2F931D7A-A584-4597-A3CA-A4ED4FDA99DB}.Release|Any CPU.ActiveCfg = Release|Any CPU
		{2F931D7A-A584-4597-A3CA-A4ED4FDA99DB}.Release|Any CPU.Build.0 = Release|Any CPU
		{906D192C-AFC9-450B-ADCF-18242346FE99}.Debug|Any CPU.ActiveCfg = Debug|Any CPU
		{906D192C-AFC9-450B-ADCF-18242346FE99}.Debug|Any CPU.Build.0 = Debug|Any CPU
		{906D192C-AFC9-450B-ADCF-18242346FE99}.Release|Any CPU.ActiveCfg = Release|Any CPU
		{906D192C-AFC9-450B-ADCF-18242346FE99}.Release|Any CPU.Build.0 = Release|Any CPU
		{7FACA66F-EC8B-4730-A8A7-41C22B155FDC}.Debug|Any CPU.ActiveCfg = Debug|Any CPU
		{7FACA66F-EC8B-4730-A8A7-41C22B155FDC}.Debug|Any CPU.Build.0 = Debug|Any CPU
		{7FACA66F-EC8B-4730-A8A7-41C22B155FDC}.Release|Any CPU.ActiveCfg = Release|Any CPU
		{7FACA66F-EC8B-4730-A8A7-41C22B155FDC}.Release|Any CPU.Build.0 = Release|Any CPU
		{AF91C85C-F01E-4A55-AA1D-E6DB6CCFD311}.Debug|Any CPU.ActiveCfg = Debug|Any CPU
		{AF91C85C-F01E-4A55-AA1D-E6DB6CCFD311}.Debug|Any CPU.Build.0 = Debug|Any CPU
		{AF91C85C-F01E-4A55-AA1D-E6DB6CCFD311}.Release|Any CPU.ActiveCfg = Release|Any CPU
		{AF91C85C-F01E-4A55-AA1D-E6DB6CCFD311}.Release|Any CPU.Build.0 = Release|Any CPU
		{61ACD68C-2EA3-47E9-A23A-BA04C89162AD}.Debug|Any CPU.ActiveCfg = Debug|Any CPU
		{61ACD68C-2EA3-47E9-A23A-BA04C89162AD}.Debug|Any CPU.Build.0 = Debug|Any CPU
		{61ACD68C-2EA3-47E9-A23A-BA04C89162AD}.Release|Any CPU.ActiveCfg = Release|Any CPU
		{61ACD68C-2EA3-47E9-A23A-BA04C89162AD}.Release|Any CPU.Build.0 = Release|Any CPU
		{957CFABA-7555-4EAA-A36D-33F6608B2762}.Debug|Any CPU.ActiveCfg = Debug|Any CPU
		{957CFABA-7555-4EAA-A36D-33F6608B2762}.Debug|Any CPU.Build.0 = Debug|Any CPU
		{957CFABA-7555-4EAA-A36D-33F6608B2762}.Release|Any CPU.ActiveCfg = Release|Any CPU
		{957CFABA-7555-4EAA-A36D-33F6608B2762}.Release|Any CPU.Build.0 = Release|Any CPU
		{6E5984FE-5844-475C-BA94-8CD1B26DC2BD}.Debug|Any CPU.ActiveCfg = Debug|Any CPU
		{6E5984FE-5844-475C-BA94-8CD1B26DC2BD}.Debug|Any CPU.Build.0 = Debug|Any CPU
		{6E5984FE-5844-475C-BA94-8CD1B26DC2BD}.Release|Any CPU.ActiveCfg = Release|Any CPU
		{6E5984FE-5844-475C-BA94-8CD1B26DC2BD}.Release|Any CPU.Build.0 = Release|Any CPU
		{3219D4CA-57A8-453F-BAF6-A80B67E7B3BD}.Debug|Any CPU.ActiveCfg = Debug|Any CPU
		{3219D4CA-57A8-453F-BAF6-A80B67E7B3BD}.Debug|Any CPU.Build.0 = Debug|Any CPU
		{3219D4CA-57A8-453F-BAF6-A80B67E7B3BD}.Release|Any CPU.ActiveCfg = Release|Any CPU
		{3219D4CA-57A8-453F-BAF6-A80B67E7B3BD}.Release|Any CPU.Build.0 = Release|Any CPU
		{1E484A3F-91F0-4F3C-94E8-1DF95A5252A5}.Debug|Any CPU.ActiveCfg = Debug|Any CPU
		{1E484A3F-91F0-4F3C-94E8-1DF95A5252A5}.Debug|Any CPU.Build.0 = Debug|Any CPU
		{1E484A3F-91F0-4F3C-94E8-1DF95A5252A5}.Release|Any CPU.ActiveCfg = Release|Any CPU
		{1E484A3F-91F0-4F3C-94E8-1DF95A5252A5}.Release|Any CPU.Build.0 = Release|Any CPU
		{9FCD54E7-9623-4BCA-AC8A-C78B5C8E6C51}.Debug|Any CPU.ActiveCfg = Debug|Any CPU
		{9FCD54E7-9623-4BCA-AC8A-C78B5C8E6C51}.Debug|Any CPU.Build.0 = Debug|Any CPU
		{9FCD54E7-9623-4BCA-AC8A-C78B5C8E6C51}.Release|Any CPU.ActiveCfg = Release|Any CPU
		{9FCD54E7-9623-4BCA-AC8A-C78B5C8E6C51}.Release|Any CPU.Build.0 = Release|Any CPU
		{DD8AA28A-B0F9-4732-9101-E8C1B9F204AA}.Debug|Any CPU.ActiveCfg = Debug|Any CPU
		{DD8AA28A-B0F9-4732-9101-E8C1B9F204AA}.Debug|Any CPU.Build.0 = Debug|Any CPU
		{DD8AA28A-B0F9-4732-9101-E8C1B9F204AA}.Release|Any CPU.ActiveCfg = Release|Any CPU
		{DD8AA28A-B0F9-4732-9101-E8C1B9F204AA}.Release|Any CPU.Build.0 = Release|Any CPU
		{12C42776-6DC4-4461-91BA-7990F314CFD7}.Debug|Any CPU.ActiveCfg = Debug|Any CPU
		{12C42776-6DC4-4461-91BA-7990F314CFD7}.Debug|Any CPU.Build.0 = Debug|Any CPU
		{12C42776-6DC4-4461-91BA-7990F314CFD7}.Release|Any CPU.ActiveCfg = Release|Any CPU
		{12C42776-6DC4-4461-91BA-7990F314CFD7}.Release|Any CPU.Build.0 = Release|Any CPU
		{3B26C85E-9418-4989-9050-DA3D39691DC6}.Debug|Any CPU.ActiveCfg = Debug|Any CPU
		{3B26C85E-9418-4989-9050-DA3D39691DC6}.Debug|Any CPU.Build.0 = Debug|Any CPU
		{3B26C85E-9418-4989-9050-DA3D39691DC6}.Release|Any CPU.ActiveCfg = Release|Any CPU
		{3B26C85E-9418-4989-9050-DA3D39691DC6}.Release|Any CPU.Build.0 = Release|Any CPU
		{1272BC21-7AEA-477C-94A0-F9C1713CC327}.Debug|Any CPU.ActiveCfg = Debug|Any CPU
		{1272BC21-7AEA-477C-94A0-F9C1713CC327}.Debug|Any CPU.Build.0 = Debug|Any CPU
		{1272BC21-7AEA-477C-94A0-F9C1713CC327}.Release|Any CPU.ActiveCfg = Release|Any CPU
		{1272BC21-7AEA-477C-94A0-F9C1713CC327}.Release|Any CPU.Build.0 = Release|Any CPU
		{62F7FE7A-6E55-40F5-835E-B25C186C5956}.Debug|Any CPU.ActiveCfg = Debug|Any CPU
		{62F7FE7A-6E55-40F5-835E-B25C186C5956}.Debug|Any CPU.Build.0 = Debug|Any CPU
		{62F7FE7A-6E55-40F5-835E-B25C186C5956}.Release|Any CPU.ActiveCfg = Release|Any CPU
		{62F7FE7A-6E55-40F5-835E-B25C186C5956}.Release|Any CPU.Build.0 = Release|Any CPU
		{5B16C46D-7211-4B2E-A8A2-976A322B23FA}.Debug|Any CPU.ActiveCfg = Debug|Any CPU
		{5B16C46D-7211-4B2E-A8A2-976A322B23FA}.Debug|Any CPU.Build.0 = Debug|Any CPU
		{5B16C46D-7211-4B2E-A8A2-976A322B23FA}.Release|Any CPU.ActiveCfg = Release|Any CPU
		{5B16C46D-7211-4B2E-A8A2-976A322B23FA}.Release|Any CPU.Build.0 = Release|Any CPU
	EndGlobalSection
	GlobalSection(SolutionProperties) = preSolution
		HideSolutionNode = FALSE
	EndGlobalSection
	GlobalSection(NestedProjects) = preSolution
		{149DE240-F2F1-433F-8619-D8F8578BF855} = {121DCC0D-039A-4A76-8472-34EA6141CADF}
		{9C5EF320-9EA6-4D35-BF95-67EFDE1A06DB} = {121DCC0D-039A-4A76-8472-34EA6141CADF}
		{BDE5EFAC-55EE-467A-BEBD-4B57FB4FD73C} = {121DCC0D-039A-4A76-8472-34EA6141CADF}
		{58B6E010-BF52-4283-98E2-6636F78CF39A} = {121DCC0D-039A-4A76-8472-34EA6141CADF}
		{BB414ED8-0711-4AB6-9E89-5E2363601A7C} = {121DCC0D-039A-4A76-8472-34EA6141CADF}
		{C2EE08EB-0AB1-4ABB-827E-ACFCDBBEFDBB} = {121DCC0D-039A-4A76-8472-34EA6141CADF}
		{E22DC28F-E757-4D12-8DD7-C332E71955AF} = {121DCC0D-039A-4A76-8472-34EA6141CADF}
		{D01295AC-1400-4E1E-8C03-B83C516841AD} = {121DCC0D-039A-4A76-8472-34EA6141CADF}
		{7858973F-DFE4-4C72-9E01-A34C95872BEA} = {121DCC0D-039A-4A76-8472-34EA6141CADF}
		{B3020DFE-C36F-4255-8431-49BDF29CD66C} = {121DCC0D-039A-4A76-8472-34EA6141CADF}
		{4FDEFC67-3770-44F1-BC6B-CADEAF6412BD} = {121DCC0D-039A-4A76-8472-34EA6141CADF}
		{EBC499C6-BABE-4C5C-8041-05F18056F51D} = {121DCC0D-039A-4A76-8472-34EA6141CADF}
		{E8A133B2-6BDF-44E0-8565-C0A73385CE13} = {F530799B-0913-4C89-BE33-90992EC004E9}
		{E1406C73-4A93-4E33-8459-7325C980BB2F} = {F530799B-0913-4C89-BE33-90992EC004E9}
		{F6947A9E-1E3B-4D41-9F14-5CA55B037D05} = {F530799B-0913-4C89-BE33-90992EC004E9}
		{A496DA34-9C38-47C1-9268-CE3E86C01703} = {F530799B-0913-4C89-BE33-90992EC004E9}
		{2F931D7A-A584-4597-A3CA-A4ED4FDA99DB} = {F530799B-0913-4C89-BE33-90992EC004E9}
		{906D192C-AFC9-450B-ADCF-18242346FE99} = {F530799B-0913-4C89-BE33-90992EC004E9}
		{7FACA66F-EC8B-4730-A8A7-41C22B155FDC} = {F530799B-0913-4C89-BE33-90992EC004E9}
		{AF91C85C-F01E-4A55-AA1D-E6DB6CCFD311} = {F530799B-0913-4C89-BE33-90992EC004E9}
		{61ACD68C-2EA3-47E9-A23A-BA04C89162AD} = {F530799B-0913-4C89-BE33-90992EC004E9}
		{957CFABA-7555-4EAA-A36D-33F6608B2762} = {F530799B-0913-4C89-BE33-90992EC004E9}
		{6E5984FE-5844-475C-BA94-8CD1B26DC2BD} = {F530799B-0913-4C89-BE33-90992EC004E9}
		{3219D4CA-57A8-453F-BAF6-A80B67E7B3BD} = {EFFACBF8-A8D0-42E1-B13E-1F5209EFCBA0}
		{1E484A3F-91F0-4F3C-94E8-1DF95A5252A5} = {EFFACBF8-A8D0-42E1-B13E-1F5209EFCBA0}
		{9FCD54E7-9623-4BCA-AC8A-C78B5C8E6C51} = {EFFACBF8-A8D0-42E1-B13E-1F5209EFCBA0}
		{DD8AA28A-B0F9-4732-9101-E8C1B9F204AA} = {EFFACBF8-A8D0-42E1-B13E-1F5209EFCBA0}
		{12C42776-6DC4-4461-91BA-7990F314CFD7} = {EFFACBF8-A8D0-42E1-B13E-1F5209EFCBA0}
		{3B26C85E-9418-4989-9050-DA3D39691DC6} = {EFFACBF8-A8D0-42E1-B13E-1F5209EFCBA0}
		{1272BC21-7AEA-477C-94A0-F9C1713CC327} = {EFFACBF8-A8D0-42E1-B13E-1F5209EFCBA0}
		{62F7FE7A-6E55-40F5-835E-B25C186C5956} = {EFFACBF8-A8D0-42E1-B13E-1F5209EFCBA0}
		{5B16C46D-7211-4B2E-A8A2-976A322B23FA} = {EFFACBF8-A8D0-42E1-B13E-1F5209EFCBA0}
	EndGlobalSection
EndGlobal
